
Microsoft Visual Studio Solution File, Format Version 12.00
# Visual Studio 15
VisualStudioVersion = 15.0.27703.2026
MinimumVisualStudioVersion = 10.0.40219.1
Project("{FAE04EC0-301F-11D3-BF4B-00C04F79EFBC}") = "Dashboard-LibraryManagement", "Dashboard-LibraryManagement\Dashboard-LibraryManagement.csproj", "{3617CA43-D3D1-44B9-B413-45384BCB135B}"
EndProject
Project("{FAE04EC0-301F-11D3-BF4B-00C04F79EFBC}") = "Dashboard-LibraryManagement-UnitTest", "Dashboard-LibraryManagement-UnitTest\Dashboard-LibraryManagement-UnitTest.csproj", "{C3EA0090-6D81-4D6E-A6E1-F0C54916F95F}"
	ProjectSection(ProjectDependencies) = postProject
		{3617CA43-D3D1-44B9-B413-45384BCB135B} = {3617CA43-D3D1-44B9-B413-45384BCB135B}
	EndProjectSection
EndProject
Global
	GlobalSection(SolutionConfigurationPlatforms) = preSolution
		Debug|Any CPU = Debug|Any CPU
		Release|Any CPU = Release|Any CPU
	EndGlobalSection
	GlobalSection(ProjectConfigurationPlatforms) = postSolution
		{3617CA43-D3D1-44B9-B413-45384BCB135B}.Debug|Any CPU.ActiveCfg = Debug|Any CPU
		{3617CA43-D3D1-44B9-B413-45384BCB135B}.Debug|Any CPU.Build.0 = Debug|Any CPU
		{3617CA43-D3D1-44B9-B413-45384BCB135B}.Release|Any CPU.ActiveCfg = Release|Any CPU
		{3617CA43-D3D1-44B9-B413-45384BCB135B}.Release|Any CPU.Build.0 = Release|Any CPU
		{C3EA0090-6D81-4D6E-A6E1-F0C54916F95F}.Debug|Any CPU.ActiveCfg = Debug|Any CPU
		{C3EA0090-6D81-4D6E-A6E1-F0C54916F95F}.Debug|Any CPU.Build.0 = Debug|Any CPU
		{C3EA0090-6D81-4D6E-A6E1-F0C54916F95F}.Release|Any CPU.ActiveCfg = Release|Any CPU
		{C3EA0090-6D81-4D6E-A6E1-F0C54916F95F}.Release|Any CPU.Build.0 = Release|Any CPU
	EndGlobalSection
	GlobalSection(SolutionProperties) = preSolution
		HideSolutionNode = FALSE
	EndGlobalSection
	GlobalSection(ExtensibilityGlobals) = postSolution
		SolutionGuid = {CD4E535D-DD52-4097-86E5-C1EA8B6806A2}
	EndGlobalSection
EndGlobal
